
Microsoft Visual Studio Solution File, Format Version 12.00
# Visual Studio Version 16
VisualStudioVersion = 16.0.31515.178
MinimumVisualStudioVersion = 10.0.40219.1
Project("{FAE04EC0-301F-11D3-BF4B-00C04F79EFBC}") = "efmigrate", "efmigrate\efmigrate.csproj", "{0D96597C-6CF1-4C4E-B01F-8920AB8D2D9B}"
EndProject
Global
	GlobalSection(SolutionConfigurationPlatforms) = preSolution
		Debug|Any CPU = Debug|Any CPU
		Release|Any CPU = Release|Any CPU
	EndGlobalSection
	GlobalSection(ProjectConfigurationPlatforms) = postSolution
		{0D96597C-6CF1-4C4E-B01F-8920AB8D2D9B}.Debug|Any CPU.ActiveCfg = Debug|Any CPU
		{0D96597C-6CF1-4C4E-B01F-8920AB8D2D9B}.Debug|Any CPU.Build.0 = Debug|Any CPU
		{0D96597C-6CF1-4C4E-B01F-8920AB8D2D9B}.Release|Any CPU.ActiveCfg = Release|Any CPU
		{0D96597C-6CF1-4C4E-B01F-8920AB8D2D9B}.Release|Any CPU.Build.0 = Release|Any CPU
	EndGlobalSection
	GlobalSection(SolutionProperties) = preSolution
		HideSolutionNode = FALSE
	EndGlobalSection
	GlobalSection(ExtensibilityGlobals) = postSolution
		SolutionGuid = {DCB4F5BC-E9D0-4AB1-BC1D-7612CEFD4FC7}
	EndGlobalSection
EndGlobal
